
Microsoft Visual Studio Solution File, Format Version 12.00
# Visual Studio Version 16
VisualStudioVersion = 16.0.30114.105
MinimumVisualStudioVersion = 10.0.40219.1
Project("{FAE04EC0-301F-11D3-BF4B-00C04F79EFBC}") = "Chilling.Goods.Api", "src\Chilling.Goods.Api\Chilling.Goods.Api.csproj", "{BF1018FF-827F-4225-AA32-91108413D59F}"
EndProject
Project("{FAE04EC0-301F-11D3-BF4B-00C04F79EFBC}") = "Chilling.Goods.Api.Config", "src\Chilling.Goods.Api.Config\Chilling.Goods.Api.Config.csproj", "{91B89878-A015-44A4-BC56-8E3AE68670F9}"
EndProject
Project("{FAE04EC0-301F-11D3-BF4B-00C04F79EFBC}") = "Chilling.Goods.Api.Core", "src\Chilling.Goods.Api.Core\Chilling.Goods.Api.Core.csproj", "{79FF3433-BD7E-4875-861A-712A11FEDBA9}"
EndProject
Project("{FAE04EC0-301F-11D3-BF4B-00C04F79EFBC}") = "Chilling.Goods.Api.Data", "src\Chilling.Goods.Api.Data\Chilling.Goods.Api.Data.csproj", "{5852DD44-5B4C-405A-B315-DE0EB6DD47C0}"
EndProject
Project("{2150E333-8FDC-42A3-9474-1A3956D46DE8}") = "src", "src", "{754D7885-06E2-476C-8804-1731C421B2D7}"
EndProject
Project("{2150E333-8FDC-42A3-9474-1A3956D46DE8}") = "libs", "libs", "{75C4FAEF-3104-483E-9724-70FF7B087665}"
EndProject
Project("{FAE04EC0-301F-11D3-BF4B-00C04F79EFBC}") = "Chilling.Platform.Redis", "libs\Chilling.Platform.Redis\Chilling.Platform.Redis.csproj", "{42092F77-4EB6-4B78-B802-BB67232763C9}"
EndProject
Global
	GlobalSection(SolutionConfigurationPlatforms) = preSolution
		Debug|Any CPU = Debug|Any CPU
		Release|Any CPU = Release|Any CPU
	EndGlobalSection
	GlobalSection(SolutionProperties) = preSolution
		HideSolutionNode = FALSE
	EndGlobalSection
	GlobalSection(ProjectConfigurationPlatforms) = postSolution
		{BF1018FF-827F-4225-AA32-91108413D59F}.Debug|Any CPU.ActiveCfg = Debug|Any CPU
		{BF1018FF-827F-4225-AA32-91108413D59F}.Debug|Any CPU.Build.0 = Debug|Any CPU
		{BF1018FF-827F-4225-AA32-91108413D59F}.Release|Any CPU.ActiveCfg = Release|Any CPU
		{BF1018FF-827F-4225-AA32-91108413D59F}.Release|Any CPU.Build.0 = Release|Any CPU
		{91B89878-A015-44A4-BC56-8E3AE68670F9}.Debug|Any CPU.ActiveCfg = Debug|Any CPU
		{91B89878-A015-44A4-BC56-8E3AE68670F9}.Debug|Any CPU.Build.0 = Debug|Any CPU
		{91B89878-A015-44A4-BC56-8E3AE68670F9}.Release|Any CPU.ActiveCfg = Release|Any CPU
		{91B89878-A015-44A4-BC56-8E3AE68670F9}.Release|Any CPU.Build.0 = Release|Any CPU
		{79FF3433-BD7E-4875-861A-712A11FEDBA9}.Debug|Any CPU.ActiveCfg = Debug|Any CPU
		{79FF3433-BD7E-4875-861A-712A11FEDBA9}.Debug|Any CPU.Build.0 = Debug|Any CPU
		{79FF3433-BD7E-4875-861A-712A11FEDBA9}.Release|Any CPU.ActiveCfg = Release|Any CPU
		{79FF3433-BD7E-4875-861A-712A11FEDBA9}.Release|Any CPU.Build.0 = Release|Any CPU
		{5852DD44-5B4C-405A-B315-DE0EB6DD47C0}.Debug|Any CPU.ActiveCfg = Debug|Any CPU
		{5852DD44-5B4C-405A-B315-DE0EB6DD47C0}.Debug|Any CPU.Build.0 = Debug|Any CPU
		{5852DD44-5B4C-405A-B315-DE0EB6DD47C0}.Release|Any CPU.ActiveCfg = Release|Any CPU
		{5852DD44-5B4C-405A-B315-DE0EB6DD47C0}.Release|Any CPU.Build.0 = Release|Any CPU
		{42092F77-4EB6-4B78-B802-BB67232763C9}.Debug|Any CPU.ActiveCfg = Debug|Any CPU
		{42092F77-4EB6-4B78-B802-BB67232763C9}.Debug|Any CPU.Build.0 = Debug|Any CPU
		{42092F77-4EB6-4B78-B802-BB67232763C9}.Release|Any CPU.ActiveCfg = Release|Any CPU
		{42092F77-4EB6-4B78-B802-BB67232763C9}.Release|Any CPU.Build.0 = Release|Any CPU
	EndGlobalSection
	GlobalSection(NestedProjects) = preSolution
		{BF1018FF-827F-4225-AA32-91108413D59F} = {754D7885-06E2-476C-8804-1731C421B2D7}
		{91B89878-A015-44A4-BC56-8E3AE68670F9} = {754D7885-06E2-476C-8804-1731C421B2D7}
		{79FF3433-BD7E-4875-861A-712A11FEDBA9} = {754D7885-06E2-476C-8804-1731C421B2D7}
		{5852DD44-5B4C-405A-B315-DE0EB6DD47C0} = {754D7885-06E2-476C-8804-1731C421B2D7}
		{42092F77-4EB6-4B78-B802-BB67232763C9} = {75C4FAEF-3104-483E-9724-70FF7B087665}
	EndGlobalSection
EndGlobal
